
Microsoft Visual Studio Solution File, Format Version 12.00
# Visual Studio Version 17
VisualStudioVersion = 17.3.32929.385
MinimumVisualStudioVersion = 10.0.40219.1
Project("{9A19103F-16F7-4668-BE54-9A1E7A4F7556}") = "AreaCalculator", "AreaCalculator\AreaCalculator.csproj", "{CC0F3214-F313-4146-8037-657DE1896866}"
EndProject
Project("{9A19103F-16F7-4668-BE54-9A1E7A4F7556}") = "AreaCalculator.Tests", "AreaCalculator.Tests\AreaCalculator.Tests.csproj", "{69F06C90-5C6E-4D80-9640-7EFA2213A996}"
EndProject
Global
	GlobalSection(SolutionConfigurationPlatforms) = preSolution
		Debug|Any CPU = Debug|Any CPU
		Release|Any CPU = Release|Any CPU
	EndGlobalSection
	GlobalSection(ProjectConfigurationPlatforms) = postSolution
		{CC0F3214-F313-4146-8037-657DE1896866}.Debug|Any CPU.ActiveCfg = Debug|Any CPU
		{CC0F3214-F313-4146-8037-657DE1896866}.Debug|Any CPU.Build.0 = Debug|Any CPU
		{CC0F3214-F313-4146-8037-657DE1896866}.Release|Any CPU.ActiveCfg = Release|Any CPU
		{CC0F3214-F313-4146-8037-657DE1896866}.Release|Any CPU.Build.0 = Release|Any CPU
		{69F06C90-5C6E-4D80-9640-7EFA2213A996}.Debug|Any CPU.ActiveCfg = Debug|Any CPU
		{69F06C90-5C6E-4D80-9640-7EFA2213A996}.Debug|Any CPU.Build.0 = Debug|Any CPU
		{69F06C90-5C6E-4D80-9640-7EFA2213A996}.Release|Any CPU.ActiveCfg = Release|Any CPU
		{69F06C90-5C6E-4D80-9640-7EFA2213A996}.Release|Any CPU.Build.0 = Release|Any CPU
	EndGlobalSection
	GlobalSection(SolutionProperties) = preSolution
		HideSolutionNode = FALSE
	EndGlobalSection
	GlobalSection(ExtensibilityGlobals) = postSolution
		SolutionGuid = {0020DDB4-A4D4-4E07-BEA2-A848FBE3BDA4}
	EndGlobalSection
EndGlobal
